
Microsoft Visual Studio Solution File, Format Version 12.00
# Visual Studio 15
Project("{FAE04EC0-301F-11D3-BF4B-00C04F79EFBC}") = "restapi", "restapi.csproj", "{32CFA3DA-BE6B-49EB-A19D-A06031615DB8}"
EndProject
Global
	GlobalSection(SolutionConfigurationPlatforms) = preSolution
		Debug|Any CPU = Debug|Any CPU
		Release|Any CPU = Release|Any CPU
	EndGlobalSection
	GlobalSection(ProjectConfigurationPlatforms) = postSolution
		{32CFA3DA-BE6B-49EB-A19D-A06031615DB8}.Debug|Any CPU.ActiveCfg = Debug|Any CPU
		{32CFA3DA-BE6B-49EB-A19D-A06031615DB8}.Debug|Any CPU.Build.0 = Debug|Any CPU
		{32CFA3DA-BE6B-49EB-A19D-A06031615DB8}.Release|Any CPU.ActiveCfg = Release|Any CPU
		{32CFA3DA-BE6B-49EB-A19D-A06031615DB8}.Release|Any CPU.Build.0 = Release|Any CPU
	EndGlobalSection
EndGlobal
